
Microsoft Visual Studio Solution File, Format Version 12.00
Project("{FAE04EC0-301F-11D3-BF4B-00C04F79EFBC}") = "aporender-proxy", "aporender-proxy\aporender-proxy.csproj", "{72BAD749-D62D-4899-A254-8DCD379C20AF}"
EndProject
Project("{FAE04EC0-301F-11D3-BF4B-00C04F79EFBC}") = "apophysis", "apophysis\apophysis.csproj", "{F68238B6-9870-41C7-9C7F-FC8A3A0094CF}"
EndProject
Global
	GlobalSection(SolutionConfigurationPlatforms) = preSolution
		Debug|Any CPU = Debug|Any CPU
		Release|Any CPU = Release|Any CPU
	EndGlobalSection
	GlobalSection(ProjectConfigurationPlatforms) = postSolution
		{72BAD749-D62D-4899-A254-8DCD379C20AF}.Debug|Any CPU.ActiveCfg = Debug|Any CPU
		{72BAD749-D62D-4899-A254-8DCD379C20AF}.Debug|Any CPU.Build.0 = Debug|Any CPU
		{72BAD749-D62D-4899-A254-8DCD379C20AF}.Release|Any CPU.ActiveCfg = Release|Any CPU
		{72BAD749-D62D-4899-A254-8DCD379C20AF}.Release|Any CPU.Build.0 = Release|Any CPU
		{F68238B6-9870-41C7-9C7F-FC8A3A0094CF}.Debug|Any CPU.ActiveCfg = Debug|Any CPU
		{F68238B6-9870-41C7-9C7F-FC8A3A0094CF}.Debug|Any CPU.Build.0 = Debug|Any CPU
		{F68238B6-9870-41C7-9C7F-FC8A3A0094CF}.Release|Any CPU.ActiveCfg = Release|Any CPU
		{F68238B6-9870-41C7-9C7F-FC8A3A0094CF}.Release|Any CPU.Build.0 = Release|Any CPU
	EndGlobalSection
EndGlobal
