
Microsoft Visual Studio Solution File, Format Version 12.00
Project("{FAE04EC0-301F-11D3-BF4B-00C04F79EFBC}") = "apophysis", "apophysis\apophysis.csproj", "{8C56FDF2-B7F9-4DBB-AA61-852B866C1DBE}"
EndProject
Project("{FAE04EC0-301F-11D3-BF4B-00C04F79EFBC}") = "aporender", "aporender\aporender.csproj", "{B9317E08-F36F-437A-BA8C-F60813D298E9}"
EndProject
Project("{2150E333-8FDC-42A3-9474-1A3956D46DE8}") = "Properties", "Properties", "{0977D1EF-F514-47F2-98FA-0BCDBC52E4ED}"
ProjectSection(SolutionItems) = preProject
	Version.proj = Version.proj
EndProjectSection
EndProject
Global
	GlobalSection(SolutionConfigurationPlatforms) = preSolution
		Debug|Any CPU = Debug|Any CPU
		Release|Any CPU = Release|Any CPU
	EndGlobalSection
	GlobalSection(ProjectConfigurationPlatforms) = postSolution
		{8C56FDF2-B7F9-4DBB-AA61-852B866C1DBE}.Debug|Any CPU.ActiveCfg = Debug|Any CPU
		{8C56FDF2-B7F9-4DBB-AA61-852B866C1DBE}.Debug|Any CPU.Build.0 = Debug|Any CPU
		{8C56FDF2-B7F9-4DBB-AA61-852B866C1DBE}.Release|Any CPU.ActiveCfg = Release|Any CPU
		{8C56FDF2-B7F9-4DBB-AA61-852B866C1DBE}.Release|Any CPU.Build.0 = Release|Any CPU
		{B9317E08-F36F-437A-BA8C-F60813D298E9}.Debug|Any CPU.ActiveCfg = Debug|Any CPU
		{B9317E08-F36F-437A-BA8C-F60813D298E9}.Debug|Any CPU.Build.0 = Debug|Any CPU
		{B9317E08-F36F-437A-BA8C-F60813D298E9}.Release|Any CPU.ActiveCfg = Release|Any CPU
		{B9317E08-F36F-437A-BA8C-F60813D298E9}.Release|Any CPU.Build.0 = Release|Any CPU
	EndGlobalSection
EndGlobal
